
Microsoft Visual Studio Solution File, Format Version 12.00
# Visual Studio 15
VisualStudioVersion = 15.0.27004.2009
MinimumVisualStudioVersion = 10.0.40219.1
Project("{9A19103F-16F7-4668-BE54-9A1E7A4F7556}") = "primitive.NetCore", "src\primitive.NetCore.csproj", "{B8F07F3C-5336-4650-981A-40F97BD42196}"
EndProject
Project("{FAE04EC0-301F-11D3-BF4B-00C04F79EFBC}") = "primitive.NetFramwork", "src\primitive.NetFramwork.csproj", "{5AF79758-FCBF-4A5F-B9F5-4007FE43A834}"
EndProject
Global
	GlobalSection(SolutionConfigurationPlatforms) = preSolution
		Debug|Any CPU = Debug|Any CPU
		Release|Any CPU = Release|Any CPU
	EndGlobalSection
	GlobalSection(ProjectConfigurationPlatforms) = postSolution
		{B8F07F3C-5336-4650-981A-40F97BD42196}.Debug|Any CPU.ActiveCfg = Debug|Any CPU
		{B8F07F3C-5336-4650-981A-40F97BD42196}.Debug|Any CPU.Build.0 = Debug|Any CPU
		{B8F07F3C-5336-4650-981A-40F97BD42196}.Release|Any CPU.ActiveCfg = Release|Any CPU
		{B8F07F3C-5336-4650-981A-40F97BD42196}.Release|Any CPU.Build.0 = Release|Any CPU
		{5AF79758-FCBF-4A5F-B9F5-4007FE43A834}.Debug|Any CPU.ActiveCfg = Debug|Any CPU
		{5AF79758-FCBF-4A5F-B9F5-4007FE43A834}.Debug|Any CPU.Build.0 = Debug|Any CPU
		{5AF79758-FCBF-4A5F-B9F5-4007FE43A834}.Release|Any CPU.ActiveCfg = Release|Any CPU
		{5AF79758-FCBF-4A5F-B9F5-4007FE43A834}.Release|Any CPU.Build.0 = Release|Any CPU
	EndGlobalSection
	GlobalSection(SolutionProperties) = preSolution
		HideSolutionNode = FALSE
	EndGlobalSection
	GlobalSection(ExtensibilityGlobals) = postSolution
		SolutionGuid = {272677B3-6A5B-4985-A3D4-85F4291A01B6}
	EndGlobalSection
EndGlobal
